
Microsoft Visual Studio Solution File, Format Version 12.00
# Visual Studio Version 16
VisualStudioVersion = 16.0.29905.134
MinimumVisualStudioVersion = 10.0.40219.1
Project("{FAE04EC0-301F-11D3-BF4B-00C04F79EFBC}") = "Classword", "Classword\Classword.csproj", "{3F242529-B101-47A5-A9E2-AE59B9D716C5}"
EndProject
Global
	GlobalSection(SolutionConfigurationPlatforms) = preSolution
		Debug|Any CPU = Debug|Any CPU
		Release|Any CPU = Release|Any CPU
	EndGlobalSection
	GlobalSection(ProjectConfigurationPlatforms) = postSolution
		{3F242529-B101-47A5-A9E2-AE59B9D716C5}.Debug|Any CPU.ActiveCfg = Debug|Any CPU
		{3F242529-B101-47A5-A9E2-AE59B9D716C5}.Debug|Any CPU.Build.0 = Debug|Any CPU
		{3F242529-B101-47A5-A9E2-AE59B9D716C5}.Release|Any CPU.ActiveCfg = Release|Any CPU
		{3F242529-B101-47A5-A9E2-AE59B9D716C5}.Release|Any CPU.Build.0 = Release|Any CPU
	EndGlobalSection
	GlobalSection(SolutionProperties) = preSolution
		HideSolutionNode = FALSE
	EndGlobalSection
	GlobalSection(ExtensibilityGlobals) = postSolution
		SolutionGuid = {A7FD99E4-BA16-43AF-8CF9-13A9241B7826}
	EndGlobalSection
EndGlobal
